{
  "originHash" : "b5d95b168147500b3145781a3d9bbb65dbb03991d49262e1a407a59a1e3ad766",
  "pins" : [
    {
      "identity" : "kingfisher",
      "kind" : "remoteSourceControl",
      "location" : "https://github.com/onevcat/Kingfisher.git",
      "state" : {
        "revision" : "5b92f029fab2cce44386d28588098b5be0824ef5",
        "version" : "7.11.0"
      }
    },
    {
      "identity" : "rxgesture",
      "kind" : "remoteSourceControl",
      "location" : "https://github.com/RxSwiftCommunity/RxGesture.git",
      "state" : {
        "revision" : "1b137c576b4aaaab949235752278956697c9e4a0",
        "version" : "4.0.4"
      }
    },
    {
      "identity" : "rxkeyboard",
      "kind" : "remoteSourceControl",
      "location" : "https://github.com/RxSwiftCommunity/RxKeyboard.git",
      "state" : {
        "revision" : "63f6377975c962a1d89f012a6f1e5bebb2c502b7",
        "version" : "2.0.1"
      }
    },
    {
      "identity" : "rxswift",
      "kind" : "remoteSourceControl",
      "location" : "https://github.com/ReactiveX/RxSwift.git",
      "state" : {
        "revision" : "9dcaa4b333db437b0fbfaf453fad29069044a8b4",
        "version" : "6.6.0"
      }
    }
  ],
  "version" : 3
}
